
Microsoft Visual Studio Solution File, Format Version 12.00
# Visual Studio 2013
VisualStudioVersion = 12.0.31101.0
MinimumVisualStudioVersion = 10.0.40219.1
Project("{FAE04EC0-301F-11D3-BF4B-00C04F79EFBC}") = "NinjaTrader.Custom", "Custom\NinjaTrader.Custom.csproj", "{39F94375-3631-4B74-B40E-F7A678E5B67D}"
EndProject
Global
	GlobalSection(TeamFoundationVersionControl) = preSolution
		SccNumberOfProjects = 2
		SccEnterpriseProvider = {4CA58AB2-18FA-4F8D-95D4-32DDF27D184C}
		SccTeamFoundationServer = https://spider.visualstudio.com/defaultcollection
		SccLocalPath0 = .
		SccProjectUniqueName1 = Custom\\NinjaTrader.Custom.csproj
		SccProjectName1 = Custom
		SccLocalPath1 = Custom
	EndGlobalSection
	GlobalSection(SolutionConfigurationPlatforms) = preSolution
		Debug|Any CPU = Debug|Any CPU
		Debug64|Any CPU = Debug64|Any CPU
		Release|Any CPU = Release|Any CPU
		Release64|Any CPU = Release64|Any CPU
	EndGlobalSection
	GlobalSection(ProjectConfigurationPlatforms) = postSolution
		{39F94375-3631-4B74-B40E-F7A678E5B67D}.Debug|Any CPU.ActiveCfg = Debug|Any CPU
		{39F94375-3631-4B74-B40E-F7A678E5B67D}.Debug|Any CPU.Build.0 = Debug|Any CPU
		{39F94375-3631-4B74-B40E-F7A678E5B67D}.Debug64|Any CPU.ActiveCfg = Debug64|Any CPU
		{39F94375-3631-4B74-B40E-F7A678E5B67D}.Debug64|Any CPU.Build.0 = Debug64|Any CPU
		{39F94375-3631-4B74-B40E-F7A678E5B67D}.Release|Any CPU.ActiveCfg = Release|Any CPU
		{39F94375-3631-4B74-B40E-F7A678E5B67D}.Release|Any CPU.Build.0 = Release|Any CPU
		{39F94375-3631-4B74-B40E-F7A678E5B67D}.Release64|Any CPU.ActiveCfg = Release64|Any CPU
		{39F94375-3631-4B74-B40E-F7A678E5B67D}.Release64|Any CPU.Build.0 = Release64|Any CPU
	EndGlobalSection
	GlobalSection(SolutionProperties) = preSolution
		HideSolutionNode = FALSE
	EndGlobalSection
EndGlobal
